// !$*UTF8*$!
{
	archiveVersion = 1;
	classes = {
	};
	objectVersion = 50;
	objects = {

/* Begin PBXBuildFile section */
		C26733212137F16700BAE678 /* DataManager.swift in Sources */ = {isa = PBXBuildFile; fileRef = C26733202137F16700BAE678 /* DataManager.swift */; };
		C26D920A21392B72004FE1B0 /* CocoaLumberjackSwift.framework in Frameworks */ = {isa = PBXBuildFile; fileRef = C26D920921392B72004FE1B0 /* CocoaLumberjackSwift.framework */; };
		C26D920D21392F2E004FE1B0 /* VocaMe.xcdatamodeld in Sources */ = {isa = PBXBuildFile; fileRef = C26D920B21392F2E004FE1B0 /* VocaMe.xcdatamodeld */; };
		C26D920F21392F86004FE1B0 /* VocaManager.swift in Sources */ = {isa = PBXBuildFile; fileRef = C26D920E21392F86004FE1B0 /* VocaManager.swift */; };
		C2DF96402137D65E00C7EA92 /* AppDelegate.swift in Sources */ = {isa = PBXBuildFile; fileRef = C2DF963F2137D65E00C7EA92 /* AppDelegate.swift */; };
		C2DF96422137D65E00C7EA92 /* ViewController.swift in Sources */ = {isa = PBXBuildFile; fileRef = C2DF96412137D65E00C7EA92 /* ViewController.swift */; };
		C2DF96452137D65E00C7EA92 /* Main.storyboard in Resources */ = {isa = PBXBuildFile; fileRef = C2DF96432137D65E00C7EA92 /* Main.storyboard */; };
		C2DF96472137D65F00C7EA92 /* Assets.xcassets in Resources */ = {isa = PBXBuildFile; fileRef = C2DF96462137D65F00C7EA92 /* Assets.xcassets */; };
		C2DF964A2137D65F00C7EA92 /* LaunchScreen.storyboard in Resources */ = {isa = PBXBuildFile; fileRef = C2DF96482137D65F00C7EA92 /* LaunchScreen.storyboard */; };
		C2DF96552137D66000C7EA92 /* CoreDataDemoTests.swift in Sources */ = {isa = PBXBuildFile; fileRef = C2DF96542137D66000C7EA92 /* CoreDataDemoTests.swift */; };
		C2DF96602137D66000C7EA92 /* CoreDataDemoUITests.swift in Sources */ = {isa = PBXBuildFile; fileRef = C2DF965F2137D66000C7EA92 /* CoreDataDemoUITests.swift */; };
		C2DF966F2137EC8600C7EA92 /* CoreData.framework in Frameworks */ = {isa = PBXBuildFile; fileRef = C2DF966E2137EC8600C7EA92 /* CoreData.framework */; };
		C2DF96732137ED1400C7EA92 /* CocoaLumberjack.framework in Frameworks */ = {isa = PBXBuildFile; fileRef = C2DF96722137ED1400C7EA92 /* CocoaLumberjack.framework */; };
		C2DF96752137ED1F00C7EA92 /* RxCocoa.framework in Frameworks */ = {isa = PBXBuildFile; fileRef = C2DF96742137ED1F00C7EA92 /* RxCocoa.framework */; };
		C2DF96772137ED2800C7EA92 /* RxBlocking.framework in Frameworks */ = {isa = PBXBuildFile; fileRef = C2DF96762137ED2800C7EA92 /* RxBlocking.framework */; };
		C2DF967B2137EE6600C7EA92 /* RxSwift.framework in Frameworks */ = {isa = PBXBuildFile; fileRef = C2DF967A2137EE6600C7EA92 /* RxSwift.framework */; };
		C2DF967D2137EE7000C7EA92 /* SwiftyJSON.framework in Frameworks */ = {isa = PBXBuildFile; fileRef = C2DF967C2137EE7000C7EA92 /* SwiftyJSON.framework */; };
		C2DF96822137F01A00C7EA92 /* Sync.framework in Frameworks */ = {isa = PBXBuildFile; fileRef = C2DF96812137F01A00C7EA92 /* Sync.framework */; };
		C2DF96842137FE3000C7EA92 /* Alamofire.framework in Frameworks */ = {isa = PBXBuildFile; fileRef = C2DF96832137FE3000C7EA92 /* Alamofire.framework */; };
/* End PBXBuildFile section */

/* Begin PBXContainerItemProxy section */
		C2DF96512137D66000C7EA92 /* PBXContainerItemProxy */ = {
			isa = PBXContainerItemProxy;
			containerPortal = C2DF96342137D65E00C7EA92 /* Project object */;
			proxyType = 1;
			remoteGlobalIDString = C2DF963B2137D65E00C7EA92;
			remoteInfo = CoreDataDemo;
		};
		C2DF965C2137D66000C7EA92 /* PBXContainerItemProxy */ = {
			isa = PBXContainerItemProxy;
			containerPortal = C2DF96342137D65E00C7EA92 /* Project object */;
			proxyType = 1;
			remoteGlobalIDString = C2DF963B2137D65E00C7EA92;
			remoteInfo = CoreDataDemo;
		};
/* End PBXContainerItemProxy section */

/* Begin PBXFileReference section */
		C26733202137F16700BAE678 /* DataManager.swift */ = {isa = PBXFileReference; lastKnownFileType = sourcecode.swift; path = DataManager.swift; sourceTree = "<group>"; };
		C26D920921392B72004FE1B0 /* CocoaLumberjackSwift.framework */ = {isa = PBXFileReference; lastKnownFileType = wrapper.framework; name = CocoaLumberjackSwift.framework; path = Carthage/Build/iOS/CocoaLumberjackSwift.framework; sourceTree = "<group>"; };
		C26D920C21392F2E004FE1B0 /* VocaMe.xcdatamodel */ = {isa = PBXFileReference; lastKnownFileType = wrapper.xcdatamodel; path = VocaMe.xcdatamodel; sourceTree = "<group>"; };
		C26D920E21392F86004FE1B0 /* VocaManager.swift */ = {isa = PBXFileReference; lastKnownFileType = sourcecode.swift; path = VocaManager.swift; sourceTree = "<group>"; };
		C2DF963C2137D65E00C7EA92 /* CoreDataDemo.app */ = {isa = PBXFileReference; explicitFileType = wrapper.application; includeInIndex = 0; path = CoreDataDemo.app; sourceTree = BUILT_PRODUCTS_DIR; };
		C2DF963F2137D65E00C7EA92 /* AppDelegate.swift */ = {isa = PBXFileReference; lastKnownFileType = sourcecode.swift; path = AppDelegate.swift; sourceTree = "<group>"; };
		C2DF96412137D65E00C7EA92 /* ViewController.swift */ = {isa = PBXFileReference; lastKnownFileType = sourcecode.swift; path = ViewController.swift; sourceTree = "<group>"; };
		C2DF96442137D65E00C7EA92 /* Base */ = {isa = PBXFileReference; lastKnownFileType = file.storyboard; name = Base; path = Base.lproj/Main.storyboard; sourceTree = "<group>"; };
		C2DF96462137D65F00C7EA92 /* Assets.xcassets */ = {isa = PBXFileReference; lastKnownFileType = folder.assetcatalog; path = Assets.xcassets; sourceTree = "<group>"; };
		C2DF96492137D65F00C7EA92 /* Base */ = {isa = PBXFileReference; lastKnownFileType = file.storyboard; name = Base; path = Base.lproj/LaunchScreen.storyboard; sourceTree = "<group>"; };
		C2DF964B2137D65F00C7EA92 /* Info.plist */ = {isa = PBXFileReference; lastKnownFileType = text.plist.xml; path = Info.plist; sourceTree = "<group>"; };
		C2DF96502137D66000C7EA92 /* CoreDataDemoTests.xctest */ = {isa = PBXFileReference; explicitFileType = wrapper.cfbundle; includeInIndex = 0; path = CoreDataDemoTests.xctest; sourceTree = BUILT_PRODUCTS_DIR; };
		C2DF96542137D66000C7EA92 /* CoreDataDemoTests.swift */ = {isa = PBXFileReference; lastKnownFileType = sourcecode.swift; path = CoreDataDemoTests.swift; sourceTree = "<group>"; };
		C2DF96562137D66000C7EA92 /* Info.plist */ = {isa = PBXFileReference; lastKnownFileType = text.plist.xml; path = Info.plist; sourceTree = "<group>"; };
		C2DF965B2137D66000C7EA92 /* CoreDataDemoUITests.xctest */ = {isa = PBXFileReference; explicitFileType = wrapper.cfbundle; includeInIndex = 0; path = CoreDataDemoUITests.xctest; sourceTree = BUILT_PRODUCTS_DIR; };
		C2DF965F2137D66000C7EA92 /* CoreDataDemoUITests.swift */ = {isa = PBXFileReference; lastKnownFileType = sourcecode.swift; path = CoreDataDemoUITests.swift; sourceTree = "<group>"; };
		C2DF96612137D66000C7EA92 /* Info.plist */ = {isa = PBXFileReference; lastKnownFileType = text.plist.xml; path = Info.plist; sourceTree = "<group>"; };
		C2DF966E2137EC8600C7EA92 /* CoreData.framework */ = {isa = PBXFileReference; lastKnownFileType = wrapper.framework; name = CoreData.framework; path = System/Library/Frameworks/CoreData.framework; sourceTree = SDKROOT; };
		C2DF96722137ED1400C7EA92 /* CocoaLumberjack.framework */ = {isa = PBXFileReference; lastKnownFileType = wrapper.framework; name = CocoaLumberjack.framework; path = Carthage/Build/iOS/CocoaLumberjack.framework; sourceTree = "<group>"; };
		C2DF96742137ED1F00C7EA92 /* RxCocoa.framework */ = {isa = PBXFileReference; lastKnownFileType = wrapper.framework; name = RxCocoa.framework; path = Carthage/Build/iOS/RxCocoa.framework; sourceTree = "<group>"; };
		C2DF96762137ED2800C7EA92 /* RxBlocking.framework */ = {isa = PBXFileReference; lastKnownFileType = wrapper.framework; name = RxBlocking.framework; path = Carthage/Build/iOS/RxBlocking.framework; sourceTree = "<group>"; };
		C2DF967A2137EE6600C7EA92 /* RxSwift.framework */ = {isa = PBXFileReference; lastKnownFileType = wrapper.framework; name = RxSwift.framework; path = Carthage/Build/iOS/RxSwift.framework; sourceTree = "<group>"; };
		C2DF967C2137EE7000C7EA92 /* SwiftyJSON.framework */ = {isa = PBXFileReference; lastKnownFileType = wrapper.framework; name = SwiftyJSON.framework; path = Carthage/Build/iOS/SwiftyJSON.framework; sourceTree = "<group>"; };
		C2DF96812137F01A00C7EA92 /* Sync.framework */ = {isa = PBXFileReference; lastKnownFileType = wrapper.framework; name = Sync.framework; path = Carthage/Build/iOS/Sync.framework; sourceTree = "<group>"; };
		C2DF96832137FE3000C7EA92 /* Alamofire.framework */ = {isa = PBXFileReference; lastKnownFileType = wrapper.framework; name = Alamofire.framework; path = Carthage/Build/iOS/Alamofire.framework; sourceTree = "<group>"; };
/* End PBXFileReference section */

/* Begin PBXFrameworksBuildPhase section */
		C2DF96392137D65E00C7EA92 /* Frameworks */ = {
			isa = PBXFrameworksBuildPhase;
			buildActionMask = 2147483647;
			files = (
				C2DF967D2137EE7000C7EA92 /* SwiftyJSON.framework in Frameworks */,
				C2DF96842137FE3000C7EA92 /* Alamofire.framework in Frameworks */,
				C2DF96752137ED1F00C7EA92 /* RxCocoa.framework in Frameworks */,
				C2DF96772137ED2800C7EA92 /* RxBlocking.framework in Frameworks */,
				C26D920A21392B72004FE1B0 /* CocoaLumberjackSwift.framework in Frameworks */,
				C2DF967B2137EE6600C7EA92 /* RxSwift.framework in Frameworks */,
				C2DF966F2137EC8600C7EA92 /* CoreData.framework in Frameworks */,
				C2DF96732137ED1400C7EA92 /* CocoaLumberjack.framework in Frameworks */,
				C2DF96822137F01A00C7EA92 /* Sync.framework in Frameworks */,
			);
			runOnlyForDeploymentPostprocessing = 0;
		};
		C2DF964D2137D66000C7EA92 /* Frameworks */ = {
			isa = PBXFrameworksBuildPhase;
			buildActionMask = 2147483647;
			files = (
			);
			runOnlyForDeploymentPostprocessing = 0;
		};
		C2DF96582137D66000C7EA92 /* Frameworks */ = {
			isa = PBXFrameworksBuildPhase;
			buildActionMask = 2147483647;
			files = (
			);
			runOnlyForDeploymentPostprocessing = 0;
		};
/* End PBXFrameworksBuildPhase section */

/* Begin PBXGroup section */
		C26D921421393AE2004FE1B0 /* Managers */ = {
			isa = PBXGroup;
			children = (
				C26D920E21392F86004FE1B0 /* VocaManager.swift */,
				C26733202137F16700BAE678 /* DataManager.swift */,
			);
			path = Managers;
			sourceTree = "<group>";
		};
		C2DF96332137D65E00C7EA92 = {
			isa = PBXGroup;
			children = (
				C2DF963E2137D65E00C7EA92 /* CoreDataDemo */,
				C2DF96532137D66000C7EA92 /* CoreDataDemoTests */,
				C2DF965E2137D66000C7EA92 /* CoreDataDemoUITests */,
				C2DF963D2137D65E00C7EA92 /* Products */,
				C2DF966D2137EC8600C7EA92 /* Frameworks */,
			);
			sourceTree = "<group>";
		};
		C2DF963D2137D65E00C7EA92 /* Products */ = {
			isa = PBXGroup;
			children = (
				C2DF963C2137D65E00C7EA92 /* CoreDataDemo.app */,
				C2DF96502137D66000C7EA92 /* CoreDataDemoTests.xctest */,
				C2DF965B2137D66000C7EA92 /* CoreDataDemoUITests.xctest */,
			);
			name = Products;
			sourceTree = "<group>";
		};
		C2DF963E2137D65E00C7EA92 /* CoreDataDemo */ = {
			isa = PBXGroup;
			children = (
				C26D921421393AE2004FE1B0 /* Managers */,
				C2DF963F2137D65E00C7EA92 /* AppDelegate.swift */,
				C2DF96412137D65E00C7EA92 /* ViewController.swift */,
				C2DF96432137D65E00C7EA92 /* Main.storyboard */,
				C2DF96462137D65F00C7EA92 /* Assets.xcassets */,
				C2DF96482137D65F00C7EA92 /* LaunchScreen.storyboard */,
				C2DF964B2137D65F00C7EA92 /* Info.plist */,
				C26D920B21392F2E004FE1B0 /* VocaMe.xcdatamodeld */,
			);
			path = CoreDataDemo;
			sourceTree = "<group>";
		};
		C2DF96532137D66000C7EA92 /* CoreDataDemoTests */ = {
			isa = PBXGroup;
			children = (
				C2DF96542137D66000C7EA92 /* CoreDataDemoTests.swift */,
				C2DF96562137D66000C7EA92 /* Info.plist */,
			);
			path = CoreDataDemoTests;
			sourceTree = "<group>";
		};
		C2DF965E2137D66000C7EA92 /* CoreDataDemoUITests */ = {
			isa = PBXGroup;
			children = (
				C2DF965F2137D66000C7EA92 /* CoreDataDemoUITests.swift */,
				C2DF96612137D66000C7EA92 /* Info.plist */,
			);
			path = CoreDataDemoUITests;
			sourceTree = "<group>";
		};
		C2DF966D2137EC8600C7EA92 /* Frameworks */ = {
			isa = PBXGroup;
			children = (
				C26D920921392B72004FE1B0 /* CocoaLumberjackSwift.framework */,
				C2DF96832137FE3000C7EA92 /* Alamofire.framework */,
				C2DF96812137F01A00C7EA92 /* Sync.framework */,
				C2DF967C2137EE7000C7EA92 /* SwiftyJSON.framework */,
				C2DF967A2137EE6600C7EA92 /* RxSwift.framework */,
				C2DF96762137ED2800C7EA92 /* RxBlocking.framework */,
				C2DF96742137ED1F00C7EA92 /* RxCocoa.framework */,
				C2DF96722137ED1400C7EA92 /* CocoaLumberjack.framework */,
				C2DF966E2137EC8600C7EA92 /* CoreData.framework */,
			);
			name = Frameworks;
			sourceTree = "<group>";
		};
/* End PBXGroup section */

/* Begin PBXNativeTarget section */
		C2DF963B2137D65E00C7EA92 /* CoreDataDemo */ = {
			isa = PBXNativeTarget;
			buildConfigurationList = C2DF96642137D66000C7EA92 /* Build configuration list for PBXNativeTarget "CoreDataDemo" */;
			buildPhases = (
				C2DF96382137D65E00C7EA92 /* Sources */,
				C2DF96392137D65E00C7EA92 /* Frameworks */,
				C2DF963A2137D65E00C7EA92 /* Resources */,
				C2DF96802137EEB700C7EA92 /* ShellScript */,
			);
			buildRules = (
			);
			dependencies = (
			);
			name = CoreDataDemo;
			productName = CoreDataDemo;
			productReference = C2DF963C2137D65E00C7EA92 /* CoreDataDemo.app */;
			productType = "com.apple.product-type.application";
		};
		C2DF964F2137D66000C7EA92 /* CoreDataDemoTests */ = {
			isa = PBXNativeTarget;
			buildConfigurationList = C2DF96672137D66000C7EA92 /* Build configuration list for PBXNativeTarget "CoreDataDemoTests" */;
			buildPhases = (
				C2DF964C2137D66000C7EA92 /* Sources */,
				C2DF964D2137D66000C7EA92 /* Frameworks */,
				C2DF964E2137D66000C7EA92 /* Resources */,
			);
			buildRules = (
			);
			dependencies = (
				C2DF96522137D66000C7EA92 /* PBXTargetDependency */,
			);
			name = CoreDataDemoTests;
			productName = CoreDataDemoTests;
			productReference = C2DF96502137D66000C7EA92 /* CoreDataDemoTests.xctest */;
			productType = "com.apple.product-type.bundle.unit-test";
		};
		C2DF965A2137D66000C7EA92 /* CoreDataDemoUITests */ = {
			isa = PBXNativeTarget;
			buildConfigurationList = C2DF966A2137D66000C7EA92 /* Build configuration list for PBXNativeTarget "CoreDataDemoUITests" */;
			buildPhases = (
				C2DF96572137D66000C7EA92 /* Sources */,
				C2DF96582137D66000C7EA92 /* Frameworks */,
				C2DF96592137D66000C7EA92 /* Resources */,
			);
			buildRules = (
			);
			dependencies = (
				C2DF965D2137D66000C7EA92 /* PBXTargetDependency */,
			);
			name = CoreDataDemoUITests;
			productName = CoreDataDemoUITests;
			productReference = C2DF965B2137D66000C7EA92 /* CoreDataDemoUITests.xctest */;
			productType = "com.apple.product-type.bundle.ui-testing";
		};
/* End PBXNativeTarget section */

/* Begin PBXProject section */
		C2DF96342137D65E00C7EA92 /* Project object */ = {
			isa = PBXProject;
			attributes = {
				LastSwiftUpdateCheck = 0930;
				LastUpgradeCheck = 0930;
				ORGANIZATIONNAME = activecog;
				TargetAttributes = {
					C2DF963B2137D65E00C7EA92 = {
						CreatedOnToolsVersion = 9.3;
					};
					C2DF964F2137D66000C7EA92 = {
						CreatedOnToolsVersion = 9.3;
						TestTargetID = C2DF963B2137D65E00C7EA92;
					};
					C2DF965A2137D66000C7EA92 = {
						CreatedOnToolsVersion = 9.3;
						TestTargetID = C2DF963B2137D65E00C7EA92;
					};
				};
			};
			buildConfigurationList = C2DF96372137D65E00C7EA92 /* Build configuration list for PBXProject "CoreDataDemo" */;
			compatibilityVersion = "Xcode 9.3";
			developmentRegion = en;
			hasScannedForEncodings = 0;
			knownRegions = (
				en,
				Base,
			);
			mainGroup = C2DF96332137D65E00C7EA92;
			productRefGroup = C2DF963D2137D65E00C7EA92 /* Products */;
			projectDirPath = "";
			projectRoot = "";
			targets = (
				C2DF963B2137D65E00C7EA92 /* CoreDataDemo */,
				C2DF964F2137D66000C7EA92 /* CoreDataDemoTests */,
				C2DF965A2137D66000C7EA92 /* CoreDataDemoUITests */,
			);
		};
/* End PBXProject section */

/* Begin PBXResourcesBuildPhase section */
		C2DF963A2137D65E00C7EA92 /* Resources */ = {
			isa = PBXResourcesBuildPhase;
			buildActionMask = 2147483647;
			files = (
				C2DF964A2137D65F00C7EA92 /* LaunchScreen.storyboard in Resources */,
				C2DF96472137D65F00C7EA92 /* Assets.xcassets in Resources */,
				C2DF96452137D65E00C7EA92 /* Main.storyboard in Resources */,
			);
			runOnlyForDeploymentPostprocessing = 0;
		};
		C2DF964E2137D66000C7EA92 /* Resources */ = {
			isa = PBXResourcesBuildPhase;
			buildActionMask = 2147483647;
			files = (
			);
			runOnlyForDeploymentPostprocessing = 0;
		};
		C2DF96592137D66000C7EA92 /* Resources */ = {
			isa = PBXResourcesBuildPhase;
			buildActionMask = 2147483647;
			files = (
			);
			runOnlyForDeploymentPostprocessing = 0;
		};
/* End PBXResourcesBuildPhase section */

/* Begin PBXShellScriptBuildPhase section */
		C2DF96802137EEB700C7EA92 /* ShellScript */ = {
			isa = PBXShellScriptBuildPhase;
			buildActionMask = 2147483647;
			files = (
			);
			inputPaths = (
				"$(SRCROOT)/Carthage/Build/iOS/CocoaLumberjack.framework",
				"$(SRCROOT)/Carthage/Build/iOS/Sync.framework",
				"$(SRCROOT)/Carthage/Build/iOS/RxSwift.framework",
				"$(SRCROOT)/Carthage/Build/iOS/RxCocoa.framework",
				"$(SRCROOT)/Carthage/Build/iOS/RxBlocking.framework",
				"$(SRCROOT)/Carthage/Build/iOS/SwiftyJSON.framework",
				"$(SRCROOT)/Carthage/Build/iOS/Alamofire.framework",
				"$(SRCROOT)/Carthage/Build/iOS/CocoaLumberjackSwift.framework",
			);
			outputPaths = (
			);
			runOnlyForDeploymentPostprocessing = 0;
			shellPath = /bin/sh;
			shellScript = "/usr/local/bin/carthage copy-frameworks\n";
		};
/* End PBXShellScriptBuildPhase section */

/* Begin PBXSourcesBuildPhase section */
		C2DF96382137D65E00C7EA92 /* Sources */ = {
			isa = PBXSourcesBuildPhase;
			buildActionMask = 2147483647;
			files = (
				C2DF96422137D65E00C7EA92 /* ViewController.swift in Sources */,
				C26D920F21392F86004FE1B0 /* VocaManager.swift in Sources */,
				C26733212137F16700BAE678 /* DataManager.swift in Sources */,
				C26D920D21392F2E004FE1B0 /* VocaMe.xcdatamodeld in Sources */,
				C2DF96402137D65E00C7EA92 /* AppDelegate.swift in Sources */,
			);
			runOnlyForDeploymentPostprocessing = 0;
		};
		C2DF964C2137D66000C7EA92 /* Sources */ = {
			isa = PBXSourcesBuildPhase;
			buildActionMask = 2147483647;
			files = (
				C2DF96552137D66000C7EA92 /* CoreDataDemoTests.swift in Sources */,
			);
			runOnlyForDeploymentPostprocessing = 0;
		};
		C2DF96572137D66000C7EA92 /* Sources */ = {
			isa = PBXSourcesBuildPhase;
			buildActionMask = 2147483647;
			files = (
				C2DF96602137D66000C7EA92 /* CoreDataDemoUITests.swift in Sources */,
			);
			runOnlyForDeploymentPostprocessing = 0;
		};
/* End PBXSourcesBuildPhase section */

/* Begin PBXTargetDependency section */
		C2DF96522137D66000C7EA92 /* PBXTargetDependency */ = {
			isa = PBXTargetDependency;
			target = C2DF963B2137D65E00C7EA92 /* CoreDataDemo */;
			targetProxy = C2DF96512137D66000C7EA92 /* PBXContainerItemProxy */;
		};
		C2DF965D2137D66000C7EA92 /* PBXTargetDependency */ = {
			isa = PBXTargetDependency;
			target = C2DF963B2137D65E00C7EA92 /* CoreDataDemo */;
			targetProxy = C2DF965C2137D66000C7EA92 /* PBXContainerItemProxy */;
		};
/* End PBXTargetDependency section */

/* Begin PBXVariantGroup section */
		C2DF96432137D65E00C7EA92 /* Main.storyboard */ = {
			isa = PBXVariantGroup;
			children = (
				C2DF96442137D65E00C7EA92 /* Base */,
			);
			name = Main.storyboard;
			sourceTree = "<group>";
		};
		C2DF96482137D65F00C7EA92 /* LaunchScreen.storyboard */ = {
			isa = PBXVariantGroup;
			children = (
				C2DF96492137D65F00C7EA92 /* Base */,
			);
			name = LaunchScreen.storyboard;
			sourceTree = "<group>";
		};
/* End PBXVariantGroup section */

/* Begin XCBuildConfiguration section */
		C2DF96622137D66000C7EA92 /* Debug */ = {
			isa = XCBuildConfiguration;
			buildSettings = {
				ALWAYS_SEARCH_USER_PATHS = NO;
				CLANG_ANALYZER_NONNULL = YES;
				CLANG_ANALYZER_NUMBER_OBJECT_CONVERSION = YES_AGGRESSIVE;
				CLANG_CXX_LANGUAGE_STANDARD = "gnu++14";
				CLANG_CXX_LIBRARY = "libc++";
				CLANG_ENABLE_MODULES = YES;
				CLANG_ENABLE_OBJC_ARC = YES;
				CLANG_ENABLE_OBJC_WEAK = YES;
				CLANG_WARN_BLOCK_CAPTURE_AUTORELEASING = YES;
				CLANG_WARN_BOOL_CONVERSION = YES;
				CLANG_WARN_COMMA = YES;
				CLANG_WARN_CONSTANT_CONVERSION = YES;
				CLANG_WARN_DEPRECATED_OBJC_IMPLEMENTATIONS = YES;
				CLANG_WARN_DIRECT_OBJC_ISA_USAGE = YES_ERROR;
				CLANG_WARN_DOCUMENTATION_COMMENTS = YES;
				CLANG_WARN_EMPTY_BODY = YES;
				CLANG_WARN_ENUM_CONVERSION = YES;
				CLANG_WARN_INFINITE_RECURSION = YES;
				CLANG_WARN_INT_CONVERSION = YES;
				CLANG_WARN_NON_LITERAL_NULL_CONVERSION = YES;
				CLANG_WARN_OBJC_IMPLICIT_RETAIN_SELF = YES;
				CLANG_WARN_OBJC_LITERAL_CONVERSION = YES;
				CLANG_WARN_OBJC_ROOT_CLASS = YES_ERROR;
				CLANG_WARN_RANGE_LOOP_ANALYSIS = YES;
				CLANG_WARN_STRICT_PROTOTYPES = YES;
				CLANG_WARN_SUSPICIOUS_MOVE = YES;
				CLANG_WARN_UNGUARDED_AVAILABILITY = YES_AGGRESSIVE;
				CLANG_WARN_UNREACHABLE_CODE = YES;
				CLANG_WARN__DUPLICATE_METHOD_MATCH = YES;
				CODE_SIGN_IDENTITY = "iPhone Developer";
				COPY_PHASE_STRIP = NO;
				DEBUG_INFORMATION_FORMAT = dwarf;
				ENABLE_STRICT_OBJC_MSGSEND = YES;
				ENABLE_TESTABILITY = YES;
				GCC_C_LANGUAGE_STANDARD = gnu11;
				GCC_DYNAMIC_NO_PIC = NO;
				GCC_NO_COMMON_BLOCKS = YES;
				GCC_OPTIMIZATION_LEVEL = 0;
				GCC_PREPROCESSOR_DEFINITIONS = (
					"DEBUG=1",
					"$(inherited)",
				);
				GCC_WARN_64_TO_32_BIT_CONVERSION = YES;
				GCC_WARN_ABOUT_RETURN_TYPE = YES_ERROR;
				GCC_WARN_UNDECLARED_SELECTOR = YES;
				GCC_WARN_UNINITIALIZED_AUTOS = YES_AGGRESSIVE;
				GCC_WARN_UNUSED_FUNCTION = YES;
				GCC_WARN_UNUSED_VARIABLE = YES;
				IPHONEOS_DEPLOYMENT_TARGET = 9.0;
				MTL_ENABLE_DEBUG_INFO = YES;
				ONLY_ACTIVE_ARCH = YES;
				SDKROOT = iphoneos;
				SWIFT_ACTIVE_COMPILATION_CONDITIONS = DEBUG;
				SWIFT_OPTIMIZATION_LEVEL = "-Onone";
			};
			name = Debug;
		};
		C2DF96632137D66000C7EA92 /* Release */ = {
			isa = XCBuildConfiguration;
			buildSettings = {
				ALWAYS_SEARCH_USER_PATHS = NO;
				CLANG_ANALYZER_NONNULL = YES;
				CLANG_ANALYZER_NUMBER_OBJECT_CONVERSION = YES_AGGRESSIVE;
				CLANG_CXX_LANGUAGE_STANDARD = "gnu++14";
				CLANG_CXX_LIBRARY = "libc++";
				CLANG_ENABLE_MODULES = YES;
				CLANG_ENABLE_OBJC_ARC = YES;
				CLANG_ENABLE_OBJC_WEAK = YES;
				CLANG_WARN_BLOCK_CAPTURE_AUTORELEASING = YES;
				CLANG_WARN_BOOL_CONVERSION = YES;
				CLANG_WARN_COMMA = YES;
				CLANG_WARN_CONSTANT_CONVERSION = YES;
				CLANG_WARN_DEPRECATED_OBJC_IMPLEMENTATIONS = YES;
				CLANG_WARN_DIRECT_OBJC_ISA_USAGE = YES_ERROR;
				CLANG_WARN_DOCUMENTATION_COMMENTS = YES;
				CLANG_WARN_EMPTY_BODY = YES;
				CLANG_WARN_ENUM_CONVERSION = YES;
				CLANG_WARN_INFINITE_RECURSION = YES;
				CLANG_WARN_INT_CONVERSION = YES;
				CLANG_WARN_NON_LITERAL_NULL_CONVERSION = YES;
				CLANG_WARN_OBJC_IMPLICIT_RETAIN_SELF = YES;
				CLANG_WARN_OBJC_LITERAL_CONVERSION = YES;
				CLANG_WARN_OBJC_ROOT_CLASS = YES_ERROR;
				CLANG_WARN_RANGE_LOOP_ANALYSIS = YES;
				CLANG_WARN_STRICT_PROTOTYPES = YES;
				CLANG_WARN_SUSPICIOUS_MOVE = YES;
				CLANG_WARN_UNGUARDED_AVAILABILITY = YES_AGGRESSIVE;
				CLANG_WARN_UNREACHABLE_CODE = YES;
				CLANG_WARN__DUPLICATE_METHOD_MATCH = YES;
				CODE_SIGN_IDENTITY = "iPhone Developer";
				COPY_PHASE_STRIP = NO;
				DEBUG_INFORMATION_FORMAT = "dwarf-with-dsym";
				ENABLE_NS_ASSERTIONS = NO;
				ENABLE_STRICT_OBJC_MSGSEND = YES;
				GCC_C_LANGUAGE_STANDARD = gnu11;
				GCC_NO_COMMON_BLOCKS = YES;
				GCC_WARN_64_TO_32_BIT_CONVERSION = YES;
				GCC_WARN_ABOUT_RETURN_TYPE = YES_ERROR;
				GCC_WARN_UNDECLARED_SELECTOR = YES;
				GCC_WARN_UNINITIALIZED_AUTOS = YES_AGGRESSIVE;
				GCC_WARN_UNUSED_FUNCTION = YES;
				GCC_WARN_UNUSED_VARIABLE = YES;
				IPHONEOS_DEPLOYMENT_TARGET = 9.0;
				MTL_ENABLE_DEBUG_INFO = NO;
				SDKROOT = iphoneos;
				SWIFT_COMPILATION_MODE = wholemodule;
				SWIFT_OPTIMIZATION_LEVEL = "-O";
				VALIDATE_PRODUCT = YES;
			};
			name = Release;
		};
		C2DF96652137D66000C7EA92 /* Debug */ = {
			isa = XCBuildConfiguration;
			buildSettings = {
				ASSETCATALOG_COMPILER_APPICON_NAME = AppIcon;
				CODE_SIGN_STYLE = Automatic;
				DEVELOPMENT_TEAM = 2E5UT2C56T;
				ENABLE_BITCODE = NO;
				FRAMEWORK_SEARCH_PATHS = (
					"$(inherited)",
					"$(PROJECT_DIR)/Carthage/Build/iOS",
				);
				INFOPLIST_FILE = CoreDataDemo/Info.plist;
				LD_RUNPATH_SEARCH_PATHS = (
					"$(inherited)",
					"@executable_path/Frameworks",
				);
				PRODUCT_BUNDLE_IDENTIFIER = "VD9TDEJU5N.-";
				PRODUCT_NAME = "$(TARGET_NAME)";
				SWIFT_VERSION = 4.0;
				TARGETED_DEVICE_FAMILY = "1,2";
			};
			name = Debug;
		};
		C2DF96662137D66000C7EA92 /* Release */ = {
			isa = XCBuildConfiguration;
			buildSettings = {
				ASSETCATALOG_COMPILER_APPICON_NAME = AppIcon;
				CODE_SIGN_STYLE = Automatic;
				DEVELOPMENT_TEAM = 2E5UT2C56T;
				ENABLE_BITCODE = NO;
				FRAMEWORK_SEARCH_PATHS = (
					"$(inherited)",
					"$(PROJECT_DIR)/Carthage/Build/iOS",
				);
				INFOPLIST_FILE = CoreDataDemo/Info.plist;
				LD_RUNPATH_SEARCH_PATHS = (
					"$(inherited)",
					"@executable_path/Frameworks",
				);
				PRODUCT_BUNDLE_IDENTIFIER = "VD9TDEJU5N.-";
				PRODUCT_NAME = "$(TARGET_NAME)";
				SWIFT_VERSION = 4.0;
				TARGETED_DEVICE_FAMILY = "1,2";
			};
			name = Release;
		};
		C2DF96682137D66000C7EA92 /* Debug */ = {
			isa = XCBuildConfiguration;
			buildSettings = {
				ALWAYS_EMBED_SWIFT_STANDARD_LIBRARIES = YES;
				BUNDLE_LOADER = "$(TEST_HOST)";
				CODE_SIGN_STYLE = Automatic;
				DEVELOPMENT_TEAM = 2E5UT2C56T;
				INFOPLIST_FILE = CoreDataDemoTests/Info.plist;
				LD_RUNPATH_SEARCH_PATHS = (
					"$(inherited)",
					"@executable_path/Frameworks",
					"@loader_path/Frameworks",
				);
				PRODUCT_BUNDLE_IDENTIFIER = app.CoreDataDemoTests;
				PRODUCT_NAME = "$(TARGET_NAME)";
				SWIFT_VERSION = 4.0;
				TARGETED_DEVICE_FAMILY = "1,2";
				TEST_HOST = "$(BUILT_PRODUCTS_DIR)/CoreDataDemo.app/CoreDataDemo";
			};
			name = Debug;
		};
		C2DF96692137D66000C7EA92 /* Release */ = {
			isa = XCBuildConfiguration;
			buildSettings = {
				ALWAYS_EMBED_SWIFT_STANDARD_LIBRARIES = YES;
				BUNDLE_LOADER = "$(TEST_HOST)";
				CODE_SIGN_STYLE = Automatic;
				DEVELOPMENT_TEAM = 2E5UT2C56T;
				INFOPLIST_FILE = CoreDataDemoTests/Info.plist;
				LD_RUNPATH_SEARCH_PATHS = (
					"$(inherited)",
					"@executable_path/Frameworks",
					"@loader_path/Frameworks",
				);
				PRODUCT_BUNDLE_IDENTIFIER = app.CoreDataDemoTests;
				PRODUCT_NAME = "$(TARGET_NAME)";
				SWIFT_VERSION = 4.0;
				TARGETED_DEVICE_FAMILY = "1,2";
				TEST_HOST = "$(BUILT_PRODUCTS_DIR)/CoreDataDemo.app/CoreDataDemo";
			};
			name = Release;
		};
		C2DF966B2137D66000C7EA92 /* Debug */ = {
			isa = XCBuildConfiguration;
			buildSettings = {
				ALWAYS_EMBED_SWIFT_STANDARD_LIBRARIES = YES;
				CODE_SIGN_STYLE = Automatic;
				DEVELOPMENT_TEAM = 2E5UT2C56T;
				INFOPLIST_FILE = CoreDataDemoUITests/Info.plist;
				LD_RUNPATH_SEARCH_PATHS = (
					"$(inherited)",
					"@executable_path/Frameworks",
					"@loader_path/Frameworks",
				);
				PRODUCT_BUNDLE_IDENTIFIER = app.CoreDataDemoUITests;
				PRODUCT_NAME = "$(TARGET_NAME)";
				SWIFT_VERSION = 4.0;
				TARGETED_DEVICE_FAMILY = "1,2";
				TEST_TARGET_NAME = CoreDataDemo;
			};
			name = Debug;
		};
		C2DF966C2137D66000C7EA92 /* Release */ = {
			isa = XCBuildConfiguration;
			buildSettings = {
				ALWAYS_EMBED_SWIFT_STANDARD_LIBRARIES = YES;
				CODE_SIGN_STYLE = Automatic;
				DEVELOPMENT_TEAM = 2E5UT2C56T;
				INFOPLIST_FILE = CoreDataDemoUITests/Info.plist;
				LD_RUNPATH_SEARCH_PATHS = (
					"$(inherited)",
					"@executable_path/Frameworks",
					"@loader_path/Frameworks",
				);
				PRODUCT_BUNDLE_IDENTIFIER = app.CoreDataDemoUITests;
				PRODUCT_NAME = "$(TARGET_NAME)";
				SWIFT_VERSION = 4.0;
				TARGETED_DEVICE_FAMILY = "1,2";
				TEST_TARGET_NAME = CoreDataDemo;
			};
			name = Release;
		};
/* End XCBuildConfiguration section */

/* Begin XCConfigurationList section */
		C2DF96372137D65E00C7EA92 /* Build configuration list for PBXProject "CoreDataDemo" */ = {
			isa = XCConfigurationList;
			buildConfigurations = (
				C2DF96622137D66000C7EA92 /* Debug */,
				C2DF96632137D66000C7EA92 /* Release */,
			);
			defaultConfigurationIsVisible = 0;
			defaultConfigurationName = Release;
		};
		C2DF96642137D66000C7EA92 /* Build configuration list for PBXNativeTarget "CoreDataDemo" */ = {
			isa = XCConfigurationList;
			buildConfigurations = (
				C2DF96652137D66000C7EA92 /* Debug */,
				C2DF96662137D66000C7EA92 /* Release */,
			);
			defaultConfigurationIsVisible = 0;
			defaultConfigurationName = Release;
		};
		C2DF96672137D66000C7EA92 /* Build configuration list for PBXNativeTarget "CoreDataDemoTests" */ = {
			isa = XCConfigurationList;
			buildConfigurations = (
				C2DF96682137D66000C7EA92 /* Debug */,
				C2DF96692137D66000C7EA92 /* Release */,
			);
			defaultConfigurationIsVisible = 0;
			defaultConfigurationName = Release;
		};
		C2DF966A2137D66000C7EA92 /* Build configuration list for PBXNativeTarget "CoreDataDemoUITests" */ = {
			isa = XCConfigurationList;
			buildConfigurations = (
				C2DF966B2137D66000C7EA92 /* Debug */,
				C2DF966C2137D66000C7EA92 /* Release */,
			);
			defaultConfigurationIsVisible = 0;
			defaultConfigurationName = Release;
		};
/* End XCConfigurationList section */

/* Begin XCVersionGroup section */
		C26D920B21392F2E004FE1B0 /* VocaMe.xcdatamodeld */ = {
			isa = XCVersionGroup;
			children = (
				C26D920C21392F2E004FE1B0 /* VocaMe.xcdatamodel */,
			);
			currentVersion = C26D920C21392F2E004FE1B0 /* VocaMe.xcdatamodel */;
			path = VocaMe.xcdatamodeld;
			sourceTree = "<group>";
			versionGroupType = wrapper.xcdatamodel;
		};
/* End XCVersionGroup section */
	};
	rootObject = C2DF96342137D65E00C7EA92 /* Project object */;
}
